
Microsoft Visual Studio Solution File, Format Version 12.00
# Visual Studio Version 17
VisualStudioVersion = 17.1.32210.238
MinimumVisualStudioVersion = 10.0.40219.1
Project("{FAE04EC0-301F-11D3-BF4B-00C04F79EFBC}") = "InfTech56", "InfTech56.csproj", "{DE9F2353-3624-4540-96F9-25E4112EB3DF}"
EndProject
Project("{FAE04EC0-301F-11D3-BF4B-00C04F79EFBC}") = "WebApplication2", "..\WebApplication2\WebApplication2.csproj", "{B76DC3F7-0349-43E9-863E-C5E75AD68AC5}"
	ProjectSection(ProjectDependencies) = postProject
		{DE9F2353-3624-4540-96F9-25E4112EB3DF} = {DE9F2353-3624-4540-96F9-25E4112EB3DF}
	EndProjectSection
EndProject
Project("{FAE04EC0-301F-11D3-BF4B-00C04F79EFBC}") = "WindowsFormsAppData", "..\WindowsFormsAppData\WindowsFormsAppData.csproj", "{D3A6359B-FD37-41FD-8B87-1AECE3B6B210}"
EndProject
Global
	GlobalSection(SolutionConfigurationPlatforms) = preSolution
		Debug|Any CPU = Debug|Any CPU
		Release|Any CPU = Release|Any CPU
	EndGlobalSection
	GlobalSection(ProjectConfigurationPlatforms) = postSolution
		{DE9F2353-3624-4540-96F9-25E4112EB3DF}.Debug|Any CPU.ActiveCfg = Debug|Any CPU
		{DE9F2353-3624-4540-96F9-25E4112EB3DF}.Debug|Any CPU.Build.0 = Debug|Any CPU
		{DE9F2353-3624-4540-96F9-25E4112EB3DF}.Release|Any CPU.ActiveCfg = Release|Any CPU
		{DE9F2353-3624-4540-96F9-25E4112EB3DF}.Release|Any CPU.Build.0 = Release|Any CPU
		{B76DC3F7-0349-43E9-863E-C5E75AD68AC5}.Debug|Any CPU.ActiveCfg = Debug|Any CPU
		{B76DC3F7-0349-43E9-863E-C5E75AD68AC5}.Debug|Any CPU.Build.0 = Debug|Any CPU
		{B76DC3F7-0349-43E9-863E-C5E75AD68AC5}.Release|Any CPU.ActiveCfg = Release|Any CPU
		{B76DC3F7-0349-43E9-863E-C5E75AD68AC5}.Release|Any CPU.Build.0 = Release|Any CPU
		{D3A6359B-FD37-41FD-8B87-1AECE3B6B210}.Debug|Any CPU.ActiveCfg = Debug|Any CPU
		{D3A6359B-FD37-41FD-8B87-1AECE3B6B210}.Debug|Any CPU.Build.0 = Debug|Any CPU
		{D3A6359B-FD37-41FD-8B87-1AECE3B6B210}.Release|Any CPU.ActiveCfg = Release|Any CPU
		{D3A6359B-FD37-41FD-8B87-1AECE3B6B210}.Release|Any CPU.Build.0 = Release|Any CPU
	EndGlobalSection
	GlobalSection(SolutionProperties) = preSolution
		HideSolutionNode = FALSE
	EndGlobalSection
	GlobalSection(ExtensibilityGlobals) = postSolution
		SolutionGuid = {EB6AC227-D0BF-4B93-9DA0-B0892043995C}
	EndGlobalSection
EndGlobal
